
Microsoft Visual Studio Solution File, Format Version 12.00
# Visual Studio Version 16
VisualStudioVersion = 16.0.30907.101
MinimumVisualStudioVersion = 10.0.40219.1
Project("{9A19103F-16F7-4668-BE54-9A1E7A4F7556}") = "RestaurantManagementAPI", "RestaurantManagementAPI\RestaurantManagementAPI.csproj", "{FB8EAF73-C609-45EC-B37B-04270D23D572}"
EndProject
Project("{9A19103F-16F7-4668-BE54-9A1E7A4F7556}") = "WebApp", "WebApp\WebApp.csproj", "{02F6FB74-A636-4AA3-AD70-03C52AAC6469}"
EndProject
Project("{E53339B2-1760-4266-BCC7-CA923CBCF16C}") = "docker-compose", "docker-compose.dcproj", "{4F810A80-55A9-4D17-BAED-444F1C3884CF}"
EndProject
Project("{9A19103F-16F7-4668-BE54-9A1E7A4F7556}") = "CustomerManagementAPI", "CustomerManagementAPI\CustomerManagementAPI.csproj", "{74ABE6D0-3505-44FD-ADEF-4D200E7EDC14}"
EndProject
Project("{9A19103F-16F7-4668-BE54-9A1E7A4F7556}") = "Messaging", "..\Messaging\Messaging.csproj", "{6F416C4E-1244-4E21-8A6B-24D4B4D4CD73}"
EndProject
Global
	GlobalSection(SolutionConfigurationPlatforms) = preSolution
		Debug|Any CPU = Debug|Any CPU
		Release|Any CPU = Release|Any CPU
	EndGlobalSection
	GlobalSection(ProjectConfigurationPlatforms) = postSolution
		{FB8EAF73-C609-45EC-B37B-04270D23D572}.Debug|Any CPU.ActiveCfg = Debug|Any CPU
		{FB8EAF73-C609-45EC-B37B-04270D23D572}.Debug|Any CPU.Build.0 = Debug|Any CPU
		{FB8EAF73-C609-45EC-B37B-04270D23D572}.Release|Any CPU.ActiveCfg = Release|Any CPU
		{FB8EAF73-C609-45EC-B37B-04270D23D572}.Release|Any CPU.Build.0 = Release|Any CPU
		{02F6FB74-A636-4AA3-AD70-03C52AAC6469}.Debug|Any CPU.ActiveCfg = Debug|Any CPU
		{02F6FB74-A636-4AA3-AD70-03C52AAC6469}.Debug|Any CPU.Build.0 = Debug|Any CPU
		{02F6FB74-A636-4AA3-AD70-03C52AAC6469}.Release|Any CPU.ActiveCfg = Release|Any CPU
		{02F6FB74-A636-4AA3-AD70-03C52AAC6469}.Release|Any CPU.Build.0 = Release|Any CPU
		{4F810A80-55A9-4D17-BAED-444F1C3884CF}.Debug|Any CPU.ActiveCfg = Debug|Any CPU
		{4F810A80-55A9-4D17-BAED-444F1C3884CF}.Debug|Any CPU.Build.0 = Debug|Any CPU
		{4F810A80-55A9-4D17-BAED-444F1C3884CF}.Release|Any CPU.ActiveCfg = Release|Any CPU
		{4F810A80-55A9-4D17-BAED-444F1C3884CF}.Release|Any CPU.Build.0 = Release|Any CPU
		{74ABE6D0-3505-44FD-ADEF-4D200E7EDC14}.Debug|Any CPU.ActiveCfg = Debug|Any CPU
		{74ABE6D0-3505-44FD-ADEF-4D200E7EDC14}.Debug|Any CPU.Build.0 = Debug|Any CPU
		{74ABE6D0-3505-44FD-ADEF-4D200E7EDC14}.Release|Any CPU.ActiveCfg = Release|Any CPU
		{74ABE6D0-3505-44FD-ADEF-4D200E7EDC14}.Release|Any CPU.Build.0 = Release|Any CPU
		{6F416C4E-1244-4E21-8A6B-24D4B4D4CD73}.Debug|Any CPU.ActiveCfg = Debug|Any CPU
		{6F416C4E-1244-4E21-8A6B-24D4B4D4CD73}.Debug|Any CPU.Build.0 = Debug|Any CPU
		{6F416C4E-1244-4E21-8A6B-24D4B4D4CD73}.Release|Any CPU.ActiveCfg = Release|Any CPU
		{6F416C4E-1244-4E21-8A6B-24D4B4D4CD73}.Release|Any CPU.Build.0 = Release|Any CPU
	EndGlobalSection
	GlobalSection(SolutionProperties) = preSolution
		HideSolutionNode = FALSE
	EndGlobalSection
	GlobalSection(ExtensibilityGlobals) = postSolution
		SolutionGuid = {6A15F7F6-5A86-4EA5-B67A-E4B8CDF2A5F9}
	EndGlobalSection
EndGlobal
